// !$*UTF8*$!
{
	archiveVersion = 1;
	classes = {
	};
	objectVersion = 46;
	objects = {

/* Begin PBXBuildFile section */
		930769821DEC6D1800A7DEF3 /* MapNetworkController.swift in Sources */ = {isa = PBXBuildFile; fileRef = 930769811DEC6D1800A7DEF3 /* MapNetworkController.swift */; };
		931C84321DEBC830002B4B9F /* LoginNetworkController.swift in Sources */ = {isa = PBXBuildFile; fileRef = 931C84311DEBC830002B4B9F /* LoginNetworkController.swift */; };
		931C84341DEBD361002B4B9F /* NetworkSession.swift in Sources */ = {isa = PBXBuildFile; fileRef = 931C84331DEBD361002B4B9F /* NetworkSession.swift */; };
		935A91221DEABA580096F3C8 /* RootViewController.swift in Sources */ = {isa = PBXBuildFile; fileRef = 935A91211DEABA580096F3C8 /* RootViewController.swift */; };
		935A91241DEABCA50096F3C8 /* Development Notes.rtf in Resources */ = {isa = PBXBuildFile; fileRef = 935A91231DEABCA50096F3C8 /* Development Notes.rtf */; };
		9372A7E71DEA972300E5D106 /* MapKit.framework in Frameworks */ = {isa = PBXBuildFile; fileRef = 9372A7E61DEA972300E5D106 /* MapKit.framework */; };
		9375E8A21DEA8FCF00FD2FC1 /* AppDelegate.swift in Sources */ = {isa = PBXBuildFile; fileRef = 9375E8A11DEA8FCF00FD2FC1 /* AppDelegate.swift */; };
		9375E8A41DEA8FCF00FD2FC1 /* MapViewController.swift in Sources */ = {isa = PBXBuildFile; fileRef = 9375E8A31DEA8FCF00FD2FC1 /* MapViewController.swift */; };
		9375E8A71DEA8FCF00FD2FC1 /* Main.storyboard in Resources */ = {isa = PBXBuildFile; fileRef = 9375E8A51DEA8FCF00FD2FC1 /* Main.storyboard */; };
		9375E8A91DEA8FCF00FD2FC1 /* Assets.xcassets in Resources */ = {isa = PBXBuildFile; fileRef = 9375E8A81DEA8FCF00FD2FC1 /* Assets.xcassets */; };
		9375E8AC1DEA8FCF00FD2FC1 /* LaunchScreen.storyboard in Resources */ = {isa = PBXBuildFile; fileRef = 9375E8AA1DEA8FCF00FD2FC1 /* LaunchScreen.storyboard */; };
		937CF6E21DEACBB10062B14D /* LoginViewController.swift in Sources */ = {isa = PBXBuildFile; fileRef = 937CF6E11DEACBB10062B14D /* LoginViewController.swift */; };
		93EA5FD11DEC0D8C00C18376 /* String+capturedGroups.swift in Sources */ = {isa = PBXBuildFile; fileRef = 93EA5FD01DEC0D8C00C18376 /* String+capturedGroups.swift */; };
		93EA5FD31DEC44EF00C18376 /* LocationManager.swift in Sources */ = {isa = PBXBuildFile; fileRef = 93EA5FD21DEC44EF00C18376 /* LocationManager.swift */; };
/* End PBXBuildFile section */

/* Begin PBXFileReference section */
		930769811DEC6D1800A7DEF3 /* MapNetworkController.swift */ = {isa = PBXFileReference; fileEncoding = 4; lastKnownFileType = sourcecode.swift; path = MapNetworkController.swift; sourceTree = "<group>"; };
		931C84311DEBC830002B4B9F /* LoginNetworkController.swift */ = {isa = PBXFileReference; fileEncoding = 4; lastKnownFileType = sourcecode.swift; path = LoginNetworkController.swift; sourceTree = "<group>"; };
		931C84331DEBD361002B4B9F /* NetworkSession.swift */ = {isa = PBXFileReference; fileEncoding = 4; lastKnownFileType = sourcecode.swift; path = NetworkSession.swift; sourceTree = "<group>"; };
		935A91211DEABA580096F3C8 /* RootViewController.swift */ = {isa = PBXFileReference; fileEncoding = 4; lastKnownFileType = sourcecode.swift; path = RootViewController.swift; sourceTree = "<group>"; };
		935A91231DEABCA50096F3C8 /* Development Notes.rtf */ = {isa = PBXFileReference; fileEncoding = 4; lastKnownFileType = text.rtf; path = "Development Notes.rtf"; sourceTree = "<group>"; };
		9372A7E61DEA972300E5D106 /* MapKit.framework */ = {isa = PBXFileReference; lastKnownFileType = wrapper.framework; name = MapKit.framework; path = System/Library/Frameworks/MapKit.framework; sourceTree = SDKROOT; };
		9375E89E1DEA8FCF00FD2FC1 /* SafeWalk.app */ = {isa = PBXFileReference; explicitFileType = wrapper.application; includeInIndex = 0; path = SafeWalk.app; sourceTree = BUILT_PRODUCTS_DIR; };
		9375E8A11DEA8FCF00FD2FC1 /* AppDelegate.swift */ = {isa = PBXFileReference; lastKnownFileType = sourcecode.swift; path = AppDelegate.swift; sourceTree = "<group>"; };
		9375E8A31DEA8FCF00FD2FC1 /* MapViewController.swift */ = {isa = PBXFileReference; lastKnownFileType = sourcecode.swift; path = MapViewController.swift; sourceTree = "<group>"; };
		9375E8A61DEA8FCF00FD2FC1 /* Base */ = {isa = PBXFileReference; lastKnownFileType = file.storyboard; name = Base; path = Base.lproj/Main.storyboard; sourceTree = "<group>"; };
		9375E8A81DEA8FCF00FD2FC1 /* Assets.xcassets */ = {isa = PBXFileReference; lastKnownFileType = folder.assetcatalog; path = Assets.xcassets; sourceTree = "<group>"; };
		9375E8AB1DEA8FCF00FD2FC1 /* Base */ = {isa = PBXFileReference; lastKnownFileType = file.storyboard; name = Base; path = Base.lproj/LaunchScreen.storyboard; sourceTree = "<group>"; };
		9375E8AD1DEA8FCF00FD2FC1 /* Info.plist */ = {isa = PBXFileReference; lastKnownFileType = text.plist.xml; path = Info.plist; sourceTree = "<group>"; };
		937CF6E11DEACBB10062B14D /* LoginViewController.swift */ = {isa = PBXFileReference; fileEncoding = 4; lastKnownFileType = sourcecode.swift; path = LoginViewController.swift; sourceTree = "<group>"; };
		93EA5FD01DEC0D8C00C18376 /* String+capturedGroups.swift */ = {isa = PBXFileReference; fileEncoding = 4; lastKnownFileType = sourcecode.swift; path = "String+capturedGroups.swift"; sourceTree = "<group>"; };
		93EA5FD21DEC44EF00C18376 /* LocationManager.swift */ = {isa = PBXFileReference; fileEncoding = 4; lastKnownFileType = sourcecode.swift; path = LocationManager.swift; sourceTree = "<group>"; };
/* End PBXFileReference section */

/* Begin PBXFrameworksBuildPhase section */
		9375E89B1DEA8FCE00FD2FC1 /* Frameworks */ = {
			isa = PBXFrameworksBuildPhase;
			buildActionMask = 2147483647;
			files = (
				9372A7E71DEA972300E5D106 /* MapKit.framework in Frameworks */,
			);
			runOnlyForDeploymentPostprocessing = 0;
		};
/* End PBXFrameworksBuildPhase section */

/* Begin PBXGroup section */
		931C84301DEBC7E2002B4B9F /* network */ = {
			isa = PBXGroup;
			children = (
				931C84311DEBC830002B4B9F /* LoginNetworkController.swift */,
				931C84331DEBD361002B4B9F /* NetworkSession.swift */,
				93EA5FD21DEC44EF00C18376 /* LocationManager.swift */,
				930769811DEC6D1800A7DEF3 /* MapNetworkController.swift */,
			);
			name = network;
			sourceTree = "<group>";
		};
		9372A7E51DEA972300E5D106 /* Frameworks */ = {
			isa = PBXGroup;
			children = (
				9372A7E61DEA972300E5D106 /* MapKit.framework */,
			);
			name = Frameworks;
			sourceTree = "<group>";
		};
		9375E8951DEA8FCE00FD2FC1 = {
			isa = PBXGroup;
			children = (
				9375E8A01DEA8FCF00FD2FC1 /* SafeWalk */,
				9375E89F1DEA8FCF00FD2FC1 /* Products */,
				9372A7E51DEA972300E5D106 /* Frameworks */,
			);
			sourceTree = "<group>";
		};
		9375E89F1DEA8FCF00FD2FC1 /* Products */ = {
			isa = PBXGroup;
			children = (
				9375E89E1DEA8FCF00FD2FC1 /* SafeWalk.app */,
			);
			name = Products;
			sourceTree = "<group>";
		};
		9375E8A01DEA8FCF00FD2FC1 /* SafeWalk */ = {
			isa = PBXGroup;
			children = (
				9375E8A11DEA8FCF00FD2FC1 /* AppDelegate.swift */,
				931C84301DEBC7E2002B4B9F /* network */,
				937CF6E01DEACB670062B14D /* view controllers */,
				93EA5FCF1DEC0D7400C18376 /* extensions */,
				937CF6DF1DEACB470062B14D /* resources */,
			);
			path = SafeWalk;
			sourceTree = "<group>";
		};
		937CF6DF1DEACB470062B14D /* resources */ = {
			isa = PBXGroup;
			children = (
				9375E8A51DEA8FCF00FD2FC1 /* Main.storyboard */,
				9375E8A81DEA8FCF00FD2FC1 /* Assets.xcassets */,
				9375E8AA1DEA8FCF00FD2FC1 /* LaunchScreen.storyboard */,
				9375E8AD1DEA8FCF00FD2FC1 /* Info.plist */,
				935A91231DEABCA50096F3C8 /* Development Notes.rtf */,
			);
			name = resources;
			sourceTree = "<group>";
		};
		937CF6E01DEACB670062B14D /* view controllers */ = {
			isa = PBXGroup;
			children = (
				9375E8A31DEA8FCF00FD2FC1 /* MapViewController.swift */,
				935A91211DEABA580096F3C8 /* RootViewController.swift */,
				937CF6E11DEACBB10062B14D /* LoginViewController.swift */,
			);
			name = "view controllers";
			sourceTree = "<group>";
		};
		93EA5FCF1DEC0D7400C18376 /* extensions */ = {
			isa = PBXGroup;
			children = (
				93EA5FD01DEC0D8C00C18376 /* String+capturedGroups.swift */,
			);
			name = extensions;
			sourceTree = "<group>";
		};
/* End PBXGroup section */

/* Begin PBXNativeTarget section */
		9375E89D1DEA8FCE00FD2FC1 /* SafeWalk */ = {
			isa = PBXNativeTarget;
			buildConfigurationList = 9375E8B01DEA8FCF00FD2FC1 /* Build configuration list for PBXNativeTarget "SafeWalk" */;
			buildPhases = (
				9375E89A1DEA8FCE00FD2FC1 /* Sources */,
				9375E89B1DEA8FCE00FD2FC1 /* Frameworks */,
				9375E89C1DEA8FCE00FD2FC1 /* Resources */,
			);
			buildRules = (
			);
			dependencies = (
			);
			name = SafeWalk;
			productName = SafeWalk;
			productReference = 9375E89E1DEA8FCF00FD2FC1 /* SafeWalk.app */;
			productType = "com.apple.product-type.application";
		};
/* End PBXNativeTarget section */

/* Begin PBXProject section */
		9375E8961DEA8FCE00FD2FC1 /* Project object */ = {
			isa = PBXProject;
			attributes = {
				LastSwiftUpdateCheck = 0800;
				LastUpgradeCheck = 0810;
				ORGANIZATIONNAME = safewalk;
				TargetAttributes = {
					9375E89D1DEA8FCE00FD2FC1 = {
						CreatedOnToolsVersion = 8.0;
						DevelopmentTeam = JRK62S6ZMC;
						ProvisioningStyle = Automatic;
					};
				};
			};
			buildConfigurationList = 9375E8991DEA8FCE00FD2FC1 /* Build configuration list for PBXProject "SafeWalk" */;
			compatibilityVersion = "Xcode 3.2";
			developmentRegion = English;
			hasScannedForEncodings = 0;
			knownRegions = (
				en,
				Base,
			);
			mainGroup = 9375E8951DEA8FCE00FD2FC1;
			productRefGroup = 9375E89F1DEA8FCF00FD2FC1 /* Products */;
			projectDirPath = "";
			projectRoot = "";
			targets = (
				9375E89D1DEA8FCE00FD2FC1 /* SafeWalk */,
			);
		};
/* End PBXProject section */

/* Begin PBXResourcesBuildPhase section */
		9375E89C1DEA8FCE00FD2FC1 /* Resources */ = {
			isa = PBXResourcesBuildPhase;
			buildActionMask = 2147483647;
			files = (
				9375E8AC1DEA8FCF00FD2FC1 /* LaunchScreen.storyboard in Resources */,
				9375E8A91DEA8FCF00FD2FC1 /* Assets.xcassets in Resources */,
				9375E8A71DEA8FCF00FD2FC1 /* Main.storyboard in Resources */,
				935A91241DEABCA50096F3C8 /* Development Notes.rtf in Resources */,
			);
			runOnlyForDeploymentPostprocessing = 0;
		};
/* End PBXResourcesBuildPhase section */

/* Begin PBXSourcesBuildPhase section */
		9375E89A1DEA8FCE00FD2FC1 /* Sources */ = {
			isa = PBXSourcesBuildPhase;
			buildActionMask = 2147483647;
			files = (
				931C84321DEBC830002B4B9F /* LoginNetworkController.swift in Sources */,
				937CF6E21DEACBB10062B14D /* LoginViewController.swift in Sources */,
				930769821DEC6D1800A7DEF3 /* MapNetworkController.swift in Sources */,
				9375E8A41DEA8FCF00FD2FC1 /* MapViewController.swift in Sources */,
				93EA5FD11DEC0D8C00C18376 /* String+capturedGroups.swift in Sources */,
				93EA5FD31DEC44EF00C18376 /* LocationManager.swift in Sources */,
				931C84341DEBD361002B4B9F /* NetworkSession.swift in Sources */,
				9375E8A21DEA8FCF00FD2FC1 /* AppDelegate.swift in Sources */,
				935A91221DEABA580096F3C8 /* RootViewController.swift in Sources */,
			);
			runOnlyForDeploymentPostprocessing = 0;
		};
/* End PBXSourcesBuildPhase section */

/* Begin PBXVariantGroup section */
		9375E8A51DEA8FCF00FD2FC1 /* Main.storyboard */ = {
			isa = PBXVariantGroup;
			children = (
				9375E8A61DEA8FCF00FD2FC1 /* Base */,
			);
			name = Main.storyboard;
			sourceTree = "<group>";
		};
		9375E8AA1DEA8FCF00FD2FC1 /* LaunchScreen.storyboard */ = {
			isa = PBXVariantGroup;
			children = (
				9375E8AB1DEA8FCF00FD2FC1 /* Base */,
			);
			name = LaunchScreen.storyboard;
			sourceTree = "<group>";
		};
/* End PBXVariantGroup section */

/* Begin XCBuildConfiguration section */
		9375E8AE1DEA8FCF00FD2FC1 /* Debug */ = {
			isa = XCBuildConfiguration;
			buildSettings = {
				ALWAYS_SEARCH_USER_PATHS = NO;
				CLANG_ANALYZER_NONNULL = YES;
				CLANG_CXX_LANGUAGE_STANDARD = "gnu++0x";
				CLANG_CXX_LIBRARY = "libc++";
				CLANG_ENABLE_MODULES = YES;
				CLANG_ENABLE_OBJC_ARC = YES;
				CLANG_WARN_BOOL_CONVERSION = YES;
				CLANG_WARN_CONSTANT_CONVERSION = YES;
				CLANG_WARN_DIRECT_OBJC_ISA_USAGE = YES_ERROR;
				CLANG_WARN_DOCUMENTATION_COMMENTS = YES;
				CLANG_WARN_EMPTY_BODY = YES;
				CLANG_WARN_ENUM_CONVERSION = YES;
				CLANG_WARN_INFINITE_RECURSION = YES;
				CLANG_WARN_INT_CONVERSION = YES;
				CLANG_WARN_OBJC_ROOT_CLASS = YES_ERROR;
				CLANG_WARN_SUSPICIOUS_MOVE = YES;
				CLANG_WARN_SUSPICIOUS_MOVES = YES;
				CLANG_WARN_UNREACHABLE_CODE = YES;
				CLANG_WARN__DUPLICATE_METHOD_MATCH = YES;
				"CODE_SIGN_IDENTITY[sdk=iphoneos*]" = "iPhone Developer";
				COPY_PHASE_STRIP = NO;
				DEBUG_INFORMATION_FORMAT = dwarf;
				ENABLE_STRICT_OBJC_MSGSEND = YES;
				ENABLE_TESTABILITY = YES;
				GCC_C_LANGUAGE_STANDARD = gnu99;
				GCC_DYNAMIC_NO_PIC = NO;
				GCC_NO_COMMON_BLOCKS = YES;
				GCC_OPTIMIZATION_LEVEL = 0;
				GCC_PREPROCESSOR_DEFINITIONS = (
					"DEBUG=1",
					"$(inherited)",
				);
				GCC_WARN_64_TO_32_BIT_CONVERSION = YES;
				GCC_WARN_ABOUT_RETURN_TYPE = YES_ERROR;
				GCC_WARN_UNDECLARED_SELECTOR = YES;
				GCC_WARN_UNINITIALIZED_AUTOS = YES_AGGRESSIVE;
				GCC_WARN_UNUSED_FUNCTION = YES;
				GCC_WARN_UNUSED_VARIABLE = YES;
				IPHONEOS_DEPLOYMENT_TARGET = 10.0;
				MTL_ENABLE_DEBUG_INFO = YES;
				ONLY_ACTIVE_ARCH = YES;
				SDKROOT = iphoneos;
				SWIFT_ACTIVE_COMPILATION_CONDITIONS = DEBUG;
				SWIFT_OPTIMIZATION_LEVEL = "-Onone";
			};
			name = Debug;
		};
		9375E8AF1DEA8FCF00FD2FC1 /* Release */ = {
			isa = XCBuildConfiguration;
			buildSettings = {
				ALWAYS_SEARCH_USER_PATHS = NO;
				CLANG_ANALYZER_NONNULL = YES;
				CLANG_CXX_LANGUAGE_STANDARD = "gnu++0x";
				CLANG_CXX_LIBRARY = "libc++";
				CLANG_ENABLE_MODULES = YES;
				CLANG_ENABLE_OBJC_ARC = YES;
				CLANG_WARN_BOOL_CONVERSION = YES;
				CLANG_WARN_CONSTANT_CONVERSION = YES;
				CLANG_WARN_DIRECT_OBJC_ISA_USAGE = YES_ERROR;
				CLANG_WARN_DOCUMENTATION_COMMENTS = YES;
				CLANG_WARN_EMPTY_BODY = YES;
				CLANG_WARN_ENUM_CONVERSION = YES;
				CLANG_WARN_INFINITE_RECURSION = YES;
				CLANG_WARN_INT_CONVERSION = YES;
				CLANG_WARN_OBJC_ROOT_CLASS = YES_ERROR;
				CLANG_WARN_SUSPICIOUS_MOVE = YES;
				CLANG_WARN_SUSPICIOUS_MOVES = YES;
				CLANG_WARN_UNREACHABLE_CODE = YES;
				CLANG_WARN__DUPLICATE_METHOD_MATCH = YES;
				"CODE_SIGN_IDENTITY[sdk=iphoneos*]" = "iPhone Developer";
				COPY_PHASE_STRIP = NO;
				DEBUG_INFORMATION_FORMAT = "dwarf-with-dsym";
				ENABLE_NS_ASSERTIONS = NO;
				ENABLE_STRICT_OBJC_MSGSEND = YES;
				GCC_C_LANGUAGE_STANDARD = gnu99;
				GCC_NO_COMMON_BLOCKS = YES;
				GCC_WARN_64_TO_32_BIT_CONVERSION = YES;
				GCC_WARN_ABOUT_RETURN_TYPE = YES_ERROR;
				GCC_WARN_UNDECLARED_SELECTOR = YES;
				GCC_WARN_UNINITIALIZED_AUTOS = YES_AGGRESSIVE;
				GCC_WARN_UNUSED_FUNCTION = YES;
				GCC_WARN_UNUSED_VARIABLE = YES;
				IPHONEOS_DEPLOYMENT_TARGET = 10.0;
				MTL_ENABLE_DEBUG_INFO = NO;
				SDKROOT = iphoneos;
				SWIFT_OPTIMIZATION_LEVEL = "-Owholemodule";
				VALIDATE_PRODUCT = YES;
			};
			name = Release;
		};
		9375E8B11DEA8FCF00FD2FC1 /* Debug */ = {
			isa = XCBuildConfiguration;
			buildSettings = {
				ASSETCATALOG_COMPILER_APPICON_NAME = AppIcon;
				DEVELOPMENT_TEAM = JRK62S6ZMC;
				INFOPLIST_FILE = SafeWalk/Info.plist;
				LD_RUNPATH_SEARCH_PATHS = "$(inherited) @executable_path/Frameworks";
				PRODUCT_BUNDLE_IDENTIFIER = safewalk.com.SafeWalk;
				PRODUCT_NAME = "$(TARGET_NAME)";
				SWIFT_VERSION = 3.0;
			};
			name = Debug;
		};
		9375E8B21DEA8FCF00FD2FC1 /* Release */ = {
			isa = XCBuildConfiguration;
			buildSettings = {
				ASSETCATALOG_COMPILER_APPICON_NAME = AppIcon;
				DEVELOPMENT_TEAM = JRK62S6ZMC;
				INFOPLIST_FILE = SafeWalk/Info.plist;
				LD_RUNPATH_SEARCH_PATHS = "$(inherited) @executable_path/Frameworks";
				PRODUCT_BUNDLE_IDENTIFIER = safewalk.com.SafeWalk;
				PRODUCT_NAME = "$(TARGET_NAME)";
				SWIFT_VERSION = 3.0;
			};
			name = Release;
		};
/* End XCBuildConfiguration section */

/* Begin XCConfigurationList section */
		9375E8991DEA8FCE00FD2FC1 /* Build configuration list for PBXProject "SafeWalk" */ = {
			isa = XCConfigurationList;
			buildConfigurations = (
				9375E8AE1DEA8FCF00FD2FC1 /* Debug */,
				9375E8AF1DEA8FCF00FD2FC1 /* Release */,
			);
			defaultConfigurationIsVisible = 0;
			defaultConfigurationName = Release;
		};
		9375E8B01DEA8FCF00FD2FC1 /* Build configuration list for PBXNativeTarget "SafeWalk" */ = {
			isa = XCConfigurationList;
			buildConfigurations = (
				9375E8B11DEA8FCF00FD2FC1 /* Debug */,
				9375E8B21DEA8FCF00FD2FC1 /* Release */,
			);
			defaultConfigurationIsVisible = 0;
			defaultConfigurationName = Release;
		};
/* End XCConfigurationList section */
	};
	rootObject = 9375E8961DEA8FCE00FD2FC1 /* Project object */;
}
